{
  "name": "QD-HRMS",
  "lockfileVersion": 3,
  "requires": true,
  "packages": {
    "": {
      "dependencies": {
        "bench": "^0.3.6"
      }
    },
    "node_modules/bench": {
      "version": "0.3.6",
      "resolved": "https://registry.npmjs.org/bench/-/bench-0.3.6.tgz",
      "integrity": "sha512-50WAQi8297q1doTzg9ERO8kE1hwU8gbJFfajTRJjGIsV3EUFTUXCSKUuLpiEpXbh1TEox9W2E8ued5vBhrUhMA==",
      "bin": {
        "node-bench": "lib/cli-wrapper.js"
      }
    }
  }
}
